
Microsoft Visual Studio Solution File, Format Version 12.00
# Visual Studio 14
VisualStudioVersion = 14.0.25420.1
MinimumVisualStudioVersion = 10.0.40219.1
Project("{FAE04EC0-301F-11D3-BF4B-00C04F79EFBC}") = "Ellevo.mobile.app", "Ellevo.mobile.app\Ellevo.mobile.app\Ellevo.mobile.app.csproj", "{E9F9C2CE-8EF6-4AB3-B2BC-425ABE71E191}"
EndProject
Project("{FAE04EC0-301F-11D3-BF4B-00C04F79EFBC}") = "Ellevo.mobile.app.Droid", "Ellevo.mobile.app\Ellevo.mobile.app.Droid\Ellevo.mobile.app.Droid.csproj", "{F735C60B-759B-477B-9C55-A90E61C0F478}"
EndProject
Project("{FAE04EC0-301F-11D3-BF4B-00C04F79EFBC}") = "Ellevo.mobile.app.iOS", "Ellevo.mobile.app\Ellevo.mobile.app.iOS\Ellevo.mobile.app.iOS.csproj", "{BD64BF90-CCFF-4D5B-9B30-3A1D7BE51E5C}"
EndProject
Project("{FAE04EC0-301F-11D3-BF4B-00C04F79EFBC}") = "Ellevo.mobile.app.WinPhone", "Ellevo.mobile.app\Ellevo.mobile.app.WinPhone\Ellevo.mobile.app.WinPhone.csproj", "{310BF4A6-A00E-4B51-B806-1674A96A091D}"
EndProject
Project("{FAE04EC0-301F-11D3-BF4B-00C04F79EFBC}") = "Ellevo.mobile.app.Windows", "Ellevo.mobile.app\Ellevo.mobile.app.Windows\Ellevo.mobile.app.Windows.csproj", "{364C0A17-EF27-420B-8D1B-B2EFF3C873BD}"
EndProject
Project("{FAE04EC0-301F-11D3-BF4B-00C04F79EFBC}") = "Ellevo.mobile.app.UITests", "Ellevo.mobile.app.UITests\Ellevo.mobile.app.UITests.csproj", "{6D71685B-427D-4CF6-96DA-7DE169B45576}"
EndProject
Project("{FAE04EC0-301F-11D3-BF4B-00C04F79EFBC}") = "Ellevo.mobile.app.UWP", "Ellevo.mobile.app.UWP\Ellevo.mobile.app.UWP.csproj", "{F9EB47A0-224E-4C74-B434-246975EE434F}"
EndProject
Global
	GlobalSection(SolutionConfigurationPlatforms) = preSolution
		Ad-Hoc|Any CPU = Ad-Hoc|Any CPU
		Ad-Hoc|ARM = Ad-Hoc|ARM
		Ad-Hoc|iPhone = Ad-Hoc|iPhone
		Ad-Hoc|iPhoneSimulator = Ad-Hoc|iPhoneSimulator
		Ad-Hoc|x64 = Ad-Hoc|x64
		Ad-Hoc|x86 = Ad-Hoc|x86
		AppStore|Any CPU = AppStore|Any CPU
		AppStore|ARM = AppStore|ARM
		AppStore|iPhone = AppStore|iPhone
		AppStore|iPhoneSimulator = AppStore|iPhoneSimulator
		AppStore|x64 = AppStore|x64
		AppStore|x86 = AppStore|x86
		Debug|Any CPU = Debug|Any CPU
		Debug|ARM = Debug|ARM
		Debug|iPhone = Debug|iPhone
		Debug|iPhoneSimulator = Debug|iPhoneSimulator
		Debug|x64 = Debug|x64
		Debug|x86 = Debug|x86
		Release|Any CPU = Release|Any CPU
		Release|ARM = Release|ARM
		Release|iPhone = Release|iPhone
		Release|iPhoneSimulator = Release|iPhoneSimulator
		Release|x64 = Release|x64
		Release|x86 = Release|x86
	EndGlobalSection
	GlobalSection(ProjectConfigurationPlatforms) = postSolution
		{E9F9C2CE-8EF6-4AB3-B2BC-425ABE71E191}.Ad-Hoc|Any CPU.ActiveCfg = Release|Any CPU
		{E9F9C2CE-8EF6-4AB3-B2BC-425ABE71E191}.Ad-Hoc|Any CPU.Build.0 = Release|Any CPU
		{E9F9C2CE-8EF6-4AB3-B2BC-425ABE71E191}.Ad-Hoc|ARM.ActiveCfg = Release|Any CPU
		{E9F9C2CE-8EF6-4AB3-B2BC-425ABE71E191}.Ad-Hoc|ARM.Build.0 = Release|Any CPU
		{E9F9C2CE-8EF6-4AB3-B2BC-425ABE71E191}.Ad-Hoc|iPhone.ActiveCfg = Release|Any CPU
		{E9F9C2CE-8EF6-4AB3-B2BC-425ABE71E191}.Ad-Hoc|iPhone.Build.0 = Release|Any CPU
		{E9F9C2CE-8EF6-4AB3-B2BC-425ABE71E191}.Ad-Hoc|iPhoneSimulator.ActiveCfg = Release|Any CPU
		{E9F9C2CE-8EF6-4AB3-B2BC-425ABE71E191}.Ad-Hoc|iPhoneSimulator.Build.0 = Release|Any CPU
		{E9F9C2CE-8EF6-4AB3-B2BC-425ABE71E191}.Ad-Hoc|x64.ActiveCfg = Release|Any CPU
		{E9F9C2CE-8EF6-4AB3-B2BC-425ABE71E191}.Ad-Hoc|x64.Build.0 = Release|Any CPU
		{E9F9C2CE-8EF6-4AB3-B2BC-425ABE71E191}.Ad-Hoc|x86.ActiveCfg = Release|Any CPU
		{E9F9C2CE-8EF6-4AB3-B2BC-425ABE71E191}.Ad-Hoc|x86.Build.0 = Release|Any CPU
		{E9F9C2CE-8EF6-4AB3-B2BC-425ABE71E191}.AppStore|Any CPU.ActiveCfg = Release|Any CPU
		{E9F9C2CE-8EF6-4AB3-B2BC-425ABE71E191}.AppStore|Any CPU.Build.0 = Release|Any CPU
		{E9F9C2CE-8EF6-4AB3-B2BC-425ABE71E191}.AppStore|ARM.ActiveCfg = Release|Any CPU
		{E9F9C2CE-8EF6-4AB3-B2BC-425ABE71E191}.AppStore|ARM.Build.0 = Release|Any CPU
		{E9F9C2CE-8EF6-4AB3-B2BC-425ABE71E191}.AppStore|iPhone.ActiveCfg = Release|Any CPU
		{E9F9C2CE-8EF6-4AB3-B2BC-425ABE71E191}.AppStore|iPhone.Build.0 = Release|Any CPU
		{E9F9C2CE-8EF6-4AB3-B2BC-425ABE71E191}.AppStore|iPhoneSimulator.ActiveCfg = Release|Any CPU
		{E9F9C2CE-8EF6-4AB3-B2BC-425ABE71E191}.AppStore|iPhoneSimulator.Build.0 = Release|Any CPU
		{E9F9C2CE-8EF6-4AB3-B2BC-425ABE71E191}.AppStore|x64.ActiveCfg = Release|Any CPU
		{E9F9C2CE-8EF6-4AB3-B2BC-425ABE71E191}.AppStore|x64.Build.0 = Release|Any CPU
		{E9F9C2CE-8EF6-4AB3-B2BC-425ABE71E191}.AppStore|x86.ActiveCfg = Release|Any CPU
		{E9F9C2CE-8EF6-4AB3-B2BC-425ABE71E191}.AppStore|x86.Build.0 = Release|Any CPU
		{E9F9C2CE-8EF6-4AB3-B2BC-425ABE71E191}.Debug|Any CPU.ActiveCfg = Debug|Any CPU
		{E9F9C2CE-8EF6-4AB3-B2BC-425ABE71E191}.Debug|Any CPU.Build.0 = Debug|Any CPU
		{E9F9C2CE-8EF6-4AB3-B2BC-425ABE71E191}.Debug|ARM.ActiveCfg = Debug|Any CPU
		{E9F9C2CE-8EF6-4AB3-B2BC-425ABE71E191}.Debug|ARM.Build.0 = Debug|Any CPU
		{E9F9C2CE-8EF6-4AB3-B2BC-425ABE71E191}.Debug|iPhone.ActiveCfg = Debug|Any CPU
		{E9F9C2CE-8EF6-4AB3-B2BC-425ABE71E191}.Debug|iPhone.Build.0 = Debug|Any CPU
		{E9F9C2CE-8EF6-4AB3-B2BC-425ABE71E191}.Debug|iPhoneSimulator.ActiveCfg = Debug|Any CPU
		{E9F9C2CE-8EF6-4AB3-B2BC-425ABE71E191}.Debug|iPhoneSimulator.Build.0 = Debug|Any CPU
		{E9F9C2CE-8EF6-4AB3-B2BC-425ABE71E191}.Debug|x64.ActiveCfg = Debug|Any CPU
		{E9F9C2CE-8EF6-4AB3-B2BC-425ABE71E191}.Debug|x64.Build.0 = Debug|Any CPU
		{E9F9C2CE-8EF6-4AB3-B2BC-425ABE71E191}.Debug|x86.ActiveCfg = Debug|Any CPU
		{E9F9C2CE-8EF6-4AB3-B2BC-425ABE71E191}.Debug|x86.Build.0 = Debug|Any CPU
		{E9F9C2CE-8EF6-4AB3-B2BC-425ABE71E191}.Release|Any CPU.ActiveCfg = Release|Any CPU
		{E9F9C2CE-8EF6-4AB3-B2BC-425ABE71E191}.Release|Any CPU.Build.0 = Release|Any CPU
		{E9F9C2CE-8EF6-4AB3-B2BC-425ABE71E191}.Release|ARM.ActiveCfg = Release|Any CPU
		{E9F9C2CE-8EF6-4AB3-B2BC-425ABE71E191}.Release|ARM.Build.0 = Release|Any CPU
		{E9F9C2CE-8EF6-4AB3-B2BC-425ABE71E191}.Release|iPhone.ActiveCfg = Release|Any CPU
		{E9F9C2CE-8EF6-4AB3-B2BC-425ABE71E191}.Release|iPhone.Build.0 = Release|Any CPU
		{E9F9C2CE-8EF6-4AB3-B2BC-425ABE71E191}.Release|iPhoneSimulator.ActiveCfg = Release|Any CPU
		{E9F9C2CE-8EF6-4AB3-B2BC-425ABE71E191}.Release|iPhoneSimulator.Build.0 = Release|Any CPU
		{E9F9C2CE-8EF6-4AB3-B2BC-425ABE71E191}.Release|x64.ActiveCfg = Release|Any CPU
		{E9F9C2CE-8EF6-4AB3-B2BC-425ABE71E191}.Release|x64.Build.0 = Release|Any CPU
		{E9F9C2CE-8EF6-4AB3-B2BC-425ABE71E191}.Release|x86.ActiveCfg = Release|Any CPU
		{E9F9C2CE-8EF6-4AB3-B2BC-425ABE71E191}.Release|x86.Build.0 = Release|Any CPU
		{F735C60B-759B-477B-9C55-A90E61C0F478}.Ad-Hoc|Any CPU.ActiveCfg = Release|Any CPU
		{F735C60B-759B-477B-9C55-A90E61C0F478}.Ad-Hoc|Any CPU.Build.0 = Release|Any CPU
		{F735C60B-759B-477B-9C55-A90E61C0F478}.Ad-Hoc|Any CPU.Deploy.0 = Release|Any CPU
		{F735C60B-759B-477B-9C55-A90E61C0F478}.Ad-Hoc|ARM.ActiveCfg = Release|Any CPU
		{F735C60B-759B-477B-9C55-A90E61C0F478}.Ad-Hoc|ARM.Build.0 = Release|Any CPU
		{F735C60B-759B-477B-9C55-A90E61C0F478}.Ad-Hoc|ARM.Deploy.0 = Release|Any CPU
		{F735C60B-759B-477B-9C55-A90E61C0F478}.Ad-Hoc|iPhone.ActiveCfg = Release|Any CPU
		{F735C60B-759B-477B-9C55-A90E61C0F478}.Ad-Hoc|iPhone.Build.0 = Release|Any CPU
		{F735C60B-759B-477B-9C55-A90E61C0F478}.Ad-Hoc|iPhone.Deploy.0 = Release|Any CPU
		{F735C60B-759B-477B-9C55-A90E61C0F478}.Ad-Hoc|iPhoneSimulator.ActiveCfg = Release|Any CPU
		{F735C60B-759B-477B-9C55-A90E61C0F478}.Ad-Hoc|iPhoneSimulator.Build.0 = Release|Any CPU
		{F735C60B-759B-477B-9C55-A90E61C0F478}.Ad-Hoc|iPhoneSimulator.Deploy.0 = Release|Any CPU
		{F735C60B-759B-477B-9C55-A90E61C0F478}.Ad-Hoc|x64.ActiveCfg = Release|Any CPU
		{F735C60B-759B-477B-9C55-A90E61C0F478}.Ad-Hoc|x64.Build.0 = Release|Any CPU
		{F735C60B-759B-477B-9C55-A90E61C0F478}.Ad-Hoc|x64.Deploy.0 = Release|Any CPU
		{F735C60B-759B-477B-9C55-A90E61C0F478}.Ad-Hoc|x86.ActiveCfg = Release|Any CPU
		{F735C60B-759B-477B-9C55-A90E61C0F478}.Ad-Hoc|x86.Build.0 = Release|Any CPU
		{F735C60B-759B-477B-9C55-A90E61C0F478}.Ad-Hoc|x86.Deploy.0 = Release|Any CPU
		{F735C60B-759B-477B-9C55-A90E61C0F478}.AppStore|Any CPU.ActiveCfg = Release|Any CPU
		{F735C60B-759B-477B-9C55-A90E61C0F478}.AppStore|Any CPU.Build.0 = Release|Any CPU
		{F735C60B-759B-477B-9C55-A90E61C0F478}.AppStore|Any CPU.Deploy.0 = Release|Any CPU
		{F735C60B-759B-477B-9C55-A90E61C0F478}.AppStore|ARM.ActiveCfg = Release|Any CPU
		{F735C60B-759B-477B-9C55-A90E61C0F478}.AppStore|ARM.Build.0 = Release|Any CPU
		{F735C60B-759B-477B-9C55-A90E61C0F478}.AppStore|ARM.Deploy.0 = Release|Any CPU
		{F735C60B-759B-477B-9C55-A90E61C0F478}.AppStore|iPhone.ActiveCfg = Release|Any CPU
		{F735C60B-759B-477B-9C55-A90E61C0F478}.AppStore|iPhone.Build.0 = Release|Any CPU
		{F735C60B-759B-477B-9C55-A90E61C0F478}.AppStore|iPhone.Deploy.0 = Release|Any CPU
		{F735C60B-759B-477B-9C55-A90E61C0F478}.AppStore|iPhoneSimulator.ActiveCfg = Release|Any CPU
		{F735C60B-759B-477B-9C55-A90E61C0F478}.AppStore|iPhoneSimulator.Build.0 = Release|Any CPU
		{F735C60B-759B-477B-9C55-A90E61C0F478}.AppStore|iPhoneSimulator.Deploy.0 = Release|Any CPU
		{F735C60B-759B-477B-9C55-A90E61C0F478}.AppStore|x64.ActiveCfg = Release|Any CPU
		{F735C60B-759B-477B-9C55-A90E61C0F478}.AppStore|x64.Build.0 = Release|Any CPU
		{F735C60B-759B-477B-9C55-A90E61C0F478}.AppStore|x64.Deploy.0 = Release|Any CPU
		{F735C60B-759B-477B-9C55-A90E61C0F478}.AppStore|x86.ActiveCfg = Release|Any CPU
		{F735C60B-759B-477B-9C55-A90E61C0F478}.AppStore|x86.Build.0 = Release|Any CPU
		{F735C60B-759B-477B-9C55-A90E61C0F478}.AppStore|x86.Deploy.0 = Release|Any CPU
		{F735C60B-759B-477B-9C55-A90E61C0F478}.Debug|Any CPU.ActiveCfg = Debug|Any CPU
		{F735C60B-759B-477B-9C55-A90E61C0F478}.Debug|Any CPU.Build.0 = Debug|Any CPU
		{F735C60B-759B-477B-9C55-A90E61C0F478}.Debug|Any CPU.Deploy.0 = Debug|Any CPU
		{F735C60B-759B-477B-9C55-A90E61C0F478}.Debug|ARM.ActiveCfg = Debug|Any CPU
		{F735C60B-759B-477B-9C55-A90E61C0F478}.Debug|ARM.Build.0 = Debug|Any CPU
		{F735C60B-759B-477B-9C55-A90E61C0F478}.Debug|ARM.Deploy.0 = Debug|Any CPU
		{F735C60B-759B-477B-9C55-A90E61C0F478}.Debug|iPhone.ActiveCfg = Debug|Any CPU
		{F735C60B-759B-477B-9C55-A90E61C0F478}.Debug|iPhone.Build.0 = Debug|Any CPU
		{F735C60B-759B-477B-9C55-A90E61C0F478}.Debug|iPhone.Deploy.0 = Debug|Any CPU
		{F735C60B-759B-477B-9C55-A90E61C0F478}.Debug|iPhoneSimulator.ActiveCfg = Debug|Any CPU
		{F735C60B-759B-477B-9C55-A90E61C0F478}.Debug|iPhoneSimulator.Build.0 = Debug|Any CPU
		{F735C60B-759B-477B-9C55-A90E61C0F478}.Debug|iPhoneSimulator.Deploy.0 = Debug|Any CPU
		{F735C60B-759B-477B-9C55-A90E61C0F478}.Debug|x64.ActiveCfg = Debug|Any CPU
		{F735C60B-759B-477B-9C55-A90E61C0F478}.Debug|x64.Build.0 = Debug|Any CPU
		{F735C60B-759B-477B-9C55-A90E61C0F478}.Debug|x64.Deploy.0 = Debug|Any CPU
		{F735C60B-759B-477B-9C55-A90E61C0F478}.Debug|x86.ActiveCfg = Debug|Any CPU
		{F735C60B-759B-477B-9C55-A90E61C0F478}.Debug|x86.Build.0 = Debug|Any CPU
		{F735C60B-759B-477B-9C55-A90E61C0F478}.Debug|x86.Deploy.0 = Debug|Any CPU
		{F735C60B-759B-477B-9C55-A90E61C0F478}.Release|Any CPU.ActiveCfg = Release|Any CPU
		{F735C60B-759B-477B-9C55-A90E61C0F478}.Release|Any CPU.Build.0 = Release|Any CPU
		{F735C60B-759B-477B-9C55-A90E61C0F478}.Release|Any CPU.Deploy.0 = Release|Any CPU
		{F735C60B-759B-477B-9C55-A90E61C0F478}.Release|ARM.ActiveCfg = Release|Any CPU
		{F735C60B-759B-477B-9C55-A90E61C0F478}.Release|ARM.Build.0 = Release|Any CPU
		{F735C60B-759B-477B-9C55-A90E61C0F478}.Release|ARM.Deploy.0 = Release|Any CPU
		{F735C60B-759B-477B-9C55-A90E61C0F478}.Release|iPhone.ActiveCfg = Release|Any CPU
		{F735C60B-759B-477B-9C55-A90E61C0F478}.Release|iPhone.Build.0 = Release|Any CPU
		{F735C60B-759B-477B-9C55-A90E61C0F478}.Release|iPhone.Deploy.0 = Release|Any CPU
		{F735C60B-759B-477B-9C55-A90E61C0F478}.Release|iPhoneSimulator.ActiveCfg = Release|Any CPU
		{F735C60B-759B-477B-9C55-A90E61C0F478}.Release|iPhoneSimulator.Build.0 = Release|Any CPU
		{F735C60B-759B-477B-9C55-A90E61C0F478}.Release|iPhoneSimulator.Deploy.0 = Release|Any CPU
		{F735C60B-759B-477B-9C55-A90E61C0F478}.Release|x64.ActiveCfg = Release|Any CPU
		{F735C60B-759B-477B-9C55-A90E61C0F478}.Release|x64.Build.0 = Release|Any CPU
		{F735C60B-759B-477B-9C55-A90E61C0F478}.Release|x64.Deploy.0 = Release|Any CPU
		{F735C60B-759B-477B-9C55-A90E61C0F478}.Release|x86.ActiveCfg = Release|Any CPU
		{F735C60B-759B-477B-9C55-A90E61C0F478}.Release|x86.Build.0 = Release|Any CPU
		{F735C60B-759B-477B-9C55-A90E61C0F478}.Release|x86.Deploy.0 = Release|Any CPU
		{BD64BF90-CCFF-4D5B-9B30-3A1D7BE51E5C}.Ad-Hoc|Any CPU.ActiveCfg = Debug|iPhone
		{BD64BF90-CCFF-4D5B-9B30-3A1D7BE51E5C}.Ad-Hoc|ARM.ActiveCfg = Ad-Hoc|iPhone
		{BD64BF90-CCFF-4D5B-9B30-3A1D7BE51E5C}.Ad-Hoc|iPhone.ActiveCfg = Ad-Hoc|iPhone
		{BD64BF90-CCFF-4D5B-9B30-3A1D7BE51E5C}.Ad-Hoc|iPhone.Build.0 = Ad-Hoc|iPhone
		{BD64BF90-CCFF-4D5B-9B30-3A1D7BE51E5C}.Ad-Hoc|iPhoneSimulator.ActiveCfg = Ad-Hoc|iPhoneSimulator
		{BD64BF90-CCFF-4D5B-9B30-3A1D7BE51E5C}.Ad-Hoc|iPhoneSimulator.Build.0 = Ad-Hoc|iPhoneSimulator
		{BD64BF90-CCFF-4D5B-9B30-3A1D7BE51E5C}.Ad-Hoc|x64.ActiveCfg = Ad-Hoc|iPhone
		{BD64BF90-CCFF-4D5B-9B30-3A1D7BE51E5C}.Ad-Hoc|x86.ActiveCfg = Ad-Hoc|iPhone
		{BD64BF90-CCFF-4D5B-9B30-3A1D7BE51E5C}.AppStore|Any CPU.ActiveCfg = AppStore|iPhone
		{BD64BF90-CCFF-4D5B-9B30-3A1D7BE51E5C}.AppStore|ARM.ActiveCfg = AppStore|iPhone
		{BD64BF90-CCFF-4D5B-9B30-3A1D7BE51E5C}.AppStore|iPhone.ActiveCfg = AppStore|iPhone
		{BD64BF90-CCFF-4D5B-9B30-3A1D7BE51E5C}.AppStore|iPhone.Build.0 = AppStore|iPhone
		{BD64BF90-CCFF-4D5B-9B30-3A1D7BE51E5C}.AppStore|iPhoneSimulator.ActiveCfg = AppStore|iPhoneSimulator
		{BD64BF90-CCFF-4D5B-9B30-3A1D7BE51E5C}.AppStore|iPhoneSimulator.Build.0 = AppStore|iPhoneSimulator
		{BD64BF90-CCFF-4D5B-9B30-3A1D7BE51E5C}.AppStore|x64.ActiveCfg = AppStore|iPhone
		{BD64BF90-CCFF-4D5B-9B30-3A1D7BE51E5C}.AppStore|x86.ActiveCfg = AppStore|iPhone
		{BD64BF90-CCFF-4D5B-9B30-3A1D7BE51E5C}.Debug|Any CPU.ActiveCfg = Debug|iPhone
		{BD64BF90-CCFF-4D5B-9B30-3A1D7BE51E5C}.Debug|ARM.ActiveCfg = Debug|iPhone
		{BD64BF90-CCFF-4D5B-9B30-3A1D7BE51E5C}.Debug|iPhone.ActiveCfg = Debug|iPhone
		{BD64BF90-CCFF-4D5B-9B30-3A1D7BE51E5C}.Debug|iPhone.Build.0 = Debug|iPhone
		{BD64BF90-CCFF-4D5B-9B30-3A1D7BE51E5C}.Debug|iPhone.Deploy.0 = Debug|iPhone
		{BD64BF90-CCFF-4D5B-9B30-3A1D7BE51E5C}.Debug|iPhoneSimulator.ActiveCfg = Debug|iPhoneSimulator
		{BD64BF90-CCFF-4D5B-9B30-3A1D7BE51E5C}.Debug|iPhoneSimulator.Build.0 = Debug|iPhoneSimulator
		{BD64BF90-CCFF-4D5B-9B30-3A1D7BE51E5C}.Debug|x64.ActiveCfg = Debug|iPhone
		{BD64BF90-CCFF-4D5B-9B30-3A1D7BE51E5C}.Debug|x86.ActiveCfg = Debug|iPhone
		{BD64BF90-CCFF-4D5B-9B30-3A1D7BE51E5C}.Release|Any CPU.ActiveCfg = Release|iPhone
		{BD64BF90-CCFF-4D5B-9B30-3A1D7BE51E5C}.Release|ARM.ActiveCfg = Release|iPhone
		{BD64BF90-CCFF-4D5B-9B30-3A1D7BE51E5C}.Release|iPhone.ActiveCfg = Release|iPhone
		{BD64BF90-CCFF-4D5B-9B30-3A1D7BE51E5C}.Release|iPhone.Build.0 = Release|iPhone
		{BD64BF90-CCFF-4D5B-9B30-3A1D7BE51E5C}.Release|iPhoneSimulator.ActiveCfg = Release|iPhoneSimulator
		{BD64BF90-CCFF-4D5B-9B30-3A1D7BE51E5C}.Release|iPhoneSimulator.Build.0 = Release|iPhoneSimulator
		{BD64BF90-CCFF-4D5B-9B30-3A1D7BE51E5C}.Release|x64.ActiveCfg = Release|iPhone
		{BD64BF90-CCFF-4D5B-9B30-3A1D7BE51E5C}.Release|x86.ActiveCfg = Release|iPhone
		{310BF4A6-A00E-4B51-B806-1674A96A091D}.Ad-Hoc|Any CPU.ActiveCfg = Debug|Any CPU
		{310BF4A6-A00E-4B51-B806-1674A96A091D}.Ad-Hoc|Any CPU.Build.0 = Debug|Any CPU
		{310BF4A6-A00E-4B51-B806-1674A96A091D}.Ad-Hoc|Any CPU.Deploy.0 = Debug|Any CPU
		{310BF4A6-A00E-4B51-B806-1674A96A091D}.Ad-Hoc|ARM.ActiveCfg = Release|ARM
		{310BF4A6-A00E-4B51-B806-1674A96A091D}.Ad-Hoc|ARM.Build.0 = Release|ARM
		{310BF4A6-A00E-4B51-B806-1674A96A091D}.Ad-Hoc|ARM.Deploy.0 = Release|ARM
		{310BF4A6-A00E-4B51-B806-1674A96A091D}.Ad-Hoc|iPhone.ActiveCfg = Release|Any CPU
		{310BF4A6-A00E-4B51-B806-1674A96A091D}.Ad-Hoc|iPhone.Build.0 = Release|Any CPU
		{310BF4A6-A00E-4B51-B806-1674A96A091D}.Ad-Hoc|iPhone.Deploy.0 = Release|Any CPU
		{310BF4A6-A00E-4B51-B806-1674A96A091D}.Ad-Hoc|iPhoneSimulator.ActiveCfg = Release|Any CPU
		{310BF4A6-A00E-4B51-B806-1674A96A091D}.Ad-Hoc|iPhoneSimulator.Build.0 = Release|Any CPU
		{310BF4A6-A00E-4B51-B806-1674A96A091D}.Ad-Hoc|iPhoneSimulator.Deploy.0 = Release|Any CPU
		{310BF4A6-A00E-4B51-B806-1674A96A091D}.Ad-Hoc|x64.ActiveCfg = Release|Any CPU
		{310BF4A6-A00E-4B51-B806-1674A96A091D}.Ad-Hoc|x64.Build.0 = Release|Any CPU
		{310BF4A6-A00E-4B51-B806-1674A96A091D}.Ad-Hoc|x64.Deploy.0 = Release|Any CPU
		{310BF4A6-A00E-4B51-B806-1674A96A091D}.Ad-Hoc|x86.ActiveCfg = Release|x86
		{310BF4A6-A00E-4B51-B806-1674A96A091D}.Ad-Hoc|x86.Build.0 = Release|x86
		{310BF4A6-A00E-4B51-B806-1674A96A091D}.Ad-Hoc|x86.Deploy.0 = Release|x86
		{310BF4A6-A00E-4B51-B806-1674A96A091D}.AppStore|Any CPU.ActiveCfg = Release|Any CPU
		{310BF4A6-A00E-4B51-B806-1674A96A091D}.AppStore|Any CPU.Build.0 = Release|Any CPU
		{310BF4A6-A00E-4B51-B806-1674A96A091D}.AppStore|Any CPU.Deploy.0 = Release|Any CPU
		{310BF4A6-A00E-4B51-B806-1674A96A091D}.AppStore|ARM.ActiveCfg = Release|ARM
		{310BF4A6-A00E-4B51-B806-1674A96A091D}.AppStore|ARM.Build.0 = Release|ARM
		{310BF4A6-A00E-4B51-B806-1674A96A091D}.AppStore|ARM.Deploy.0 = Release|ARM
		{310BF4A6-A00E-4B51-B806-1674A96A091D}.AppStore|iPhone.ActiveCfg = Release|Any CPU
		{310BF4A6-A00E-4B51-B806-1674A96A091D}.AppStore|iPhone.Build.0 = Release|Any CPU
		{310BF4A6-A00E-4B51-B806-1674A96A091D}.AppStore|iPhone.Deploy.0 = Release|Any CPU
		{310BF4A6-A00E-4B51-B806-1674A96A091D}.AppStore|iPhoneSimulator.ActiveCfg = Release|Any CPU
		{310BF4A6-A00E-4B51-B806-1674A96A091D}.AppStore|iPhoneSimulator.Build.0 = Release|Any CPU
		{310BF4A6-A00E-4B51-B806-1674A96A091D}.AppStore|iPhoneSimulator.Deploy.0 = Release|Any CPU
		{310BF4A6-A00E-4B51-B806-1674A96A091D}.AppStore|x64.ActiveCfg = Release|Any CPU
		{310BF4A6-A00E-4B51-B806-1674A96A091D}.AppStore|x64.Build.0 = Release|Any CPU
		{310BF4A6-A00E-4B51-B806-1674A96A091D}.AppStore|x64.Deploy.0 = Release|Any CPU
		{310BF4A6-A00E-4B51-B806-1674A96A091D}.AppStore|x86.ActiveCfg = Release|x86
		{310BF4A6-A00E-4B51-B806-1674A96A091D}.AppStore|x86.Build.0 = Release|x86
		{310BF4A6-A00E-4B51-B806-1674A96A091D}.AppStore|x86.Deploy.0 = Release|x86
		{310BF4A6-A00E-4B51-B806-1674A96A091D}.Debug|Any CPU.ActiveCfg = Debug|Any CPU
		{310BF4A6-A00E-4B51-B806-1674A96A091D}.Debug|Any CPU.Build.0 = Debug|Any CPU
		{310BF4A6-A00E-4B51-B806-1674A96A091D}.Debug|Any CPU.Deploy.0 = Debug|Any CPU
		{310BF4A6-A00E-4B51-B806-1674A96A091D}.Debug|ARM.ActiveCfg = Debug|ARM
		{310BF4A6-A00E-4B51-B806-1674A96A091D}.Debug|ARM.Build.0 = Debug|ARM
		{310BF4A6-A00E-4B51-B806-1674A96A091D}.Debug|ARM.Deploy.0 = Debug|ARM
		{310BF4A6-A00E-4B51-B806-1674A96A091D}.Debug|iPhone.ActiveCfg = Debug|Any CPU
		{310BF4A6-A00E-4B51-B806-1674A96A091D}.Debug|iPhone.Build.0 = Debug|Any CPU
		{310BF4A6-A00E-4B51-B806-1674A96A091D}.Debug|iPhone.Deploy.0 = Debug|Any CPU
		{310BF4A6-A00E-4B51-B806-1674A96A091D}.Debug|iPhoneSimulator.ActiveCfg = Debug|Any CPU
		{310BF4A6-A00E-4B51-B806-1674A96A091D}.Debug|iPhoneSimulator.Build.0 = Debug|Any CPU
		{310BF4A6-A00E-4B51-B806-1674A96A091D}.Debug|iPhoneSimulator.Deploy.0 = Debug|Any CPU
		{310BF4A6-A00E-4B51-B806-1674A96A091D}.Debug|x64.ActiveCfg = Debug|Any CPU
		{310BF4A6-A00E-4B51-B806-1674A96A091D}.Debug|x64.Build.0 = Debug|Any CPU
		{310BF4A6-A00E-4B51-B806-1674A96A091D}.Debug|x64.Deploy.0 = Debug|Any CPU
		{310BF4A6-A00E-4B51-B806-1674A96A091D}.Debug|x86.ActiveCfg = Debug|x86
		{310BF4A6-A00E-4B51-B806-1674A96A091D}.Debug|x86.Build.0 = Debug|x86
		{310BF4A6-A00E-4B51-B806-1674A96A091D}.Debug|x86.Deploy.0 = Debug|x86
		{310BF4A6-A00E-4B51-B806-1674A96A091D}.Release|Any CPU.ActiveCfg = Release|Any CPU
		{310BF4A6-A00E-4B51-B806-1674A96A091D}.Release|Any CPU.Build.0 = Release|Any CPU
		{310BF4A6-A00E-4B51-B806-1674A96A091D}.Release|Any CPU.Deploy.0 = Release|Any CPU
		{310BF4A6-A00E-4B51-B806-1674A96A091D}.Release|ARM.ActiveCfg = Release|ARM
		{310BF4A6-A00E-4B51-B806-1674A96A091D}.Release|ARM.Build.0 = Release|ARM
		{310BF4A6-A00E-4B51-B806-1674A96A091D}.Release|ARM.Deploy.0 = Release|ARM
		{310BF4A6-A00E-4B51-B806-1674A96A091D}.Release|iPhone.ActiveCfg = Release|Any CPU
		{310BF4A6-A00E-4B51-B806-1674A96A091D}.Release|iPhone.Build.0 = Release|Any CPU
		{310BF4A6-A00E-4B51-B806-1674A96A091D}.Release|iPhone.Deploy.0 = Release|Any CPU
		{310BF4A6-A00E-4B51-B806-1674A96A091D}.Release|iPhoneSimulator.ActiveCfg = Release|Any CPU
		{310BF4A6-A00E-4B51-B806-1674A96A091D}.Release|iPhoneSimulator.Build.0 = Release|Any CPU
		{310BF4A6-A00E-4B51-B806-1674A96A091D}.Release|iPhoneSimulator.Deploy.0 = Release|Any CPU
		{310BF4A6-A00E-4B51-B806-1674A96A091D}.Release|x64.ActiveCfg = Release|Any CPU
		{310BF4A6-A00E-4B51-B806-1674A96A091D}.Release|x64.Build.0 = Release|Any CPU
		{310BF4A6-A00E-4B51-B806-1674A96A091D}.Release|x64.Deploy.0 = Release|Any CPU
		{310BF4A6-A00E-4B51-B806-1674A96A091D}.Release|x86.ActiveCfg = Release|x86
		{310BF4A6-A00E-4B51-B806-1674A96A091D}.Release|x86.Build.0 = Release|x86
		{310BF4A6-A00E-4B51-B806-1674A96A091D}.Release|x86.Deploy.0 = Release|x86
		{364C0A17-EF27-420B-8D1B-B2EFF3C873BD}.Ad-Hoc|Any CPU.ActiveCfg = Debug|Any CPU
		{364C0A17-EF27-420B-8D1B-B2EFF3C873BD}.Ad-Hoc|Any CPU.Build.0 = Debug|Any CPU
		{364C0A17-EF27-420B-8D1B-B2EFF3C873BD}.Ad-Hoc|Any CPU.Deploy.0 = Debug|Any CPU
		{364C0A17-EF27-420B-8D1B-B2EFF3C873BD}.Ad-Hoc|ARM.ActiveCfg = Release|ARM
		{364C0A17-EF27-420B-8D1B-B2EFF3C873BD}.Ad-Hoc|ARM.Build.0 = Release|ARM
		{364C0A17-EF27-420B-8D1B-B2EFF3C873BD}.Ad-Hoc|ARM.Deploy.0 = Release|ARM
		{364C0A17-EF27-420B-8D1B-B2EFF3C873BD}.Ad-Hoc|iPhone.ActiveCfg = Release|Any CPU
		{364C0A17-EF27-420B-8D1B-B2EFF3C873BD}.Ad-Hoc|iPhone.Build.0 = Release|Any CPU
		{364C0A17-EF27-420B-8D1B-B2EFF3C873BD}.Ad-Hoc|iPhone.Deploy.0 = Release|Any CPU
		{364C0A17-EF27-420B-8D1B-B2EFF3C873BD}.Ad-Hoc|iPhoneSimulator.ActiveCfg = Release|Any CPU
		{364C0A17-EF27-420B-8D1B-B2EFF3C873BD}.Ad-Hoc|iPhoneSimulator.Build.0 = Release|Any CPU
		{364C0A17-EF27-420B-8D1B-B2EFF3C873BD}.Ad-Hoc|iPhoneSimulator.Deploy.0 = Release|Any CPU
		{364C0A17-EF27-420B-8D1B-B2EFF3C873BD}.Ad-Hoc|x64.ActiveCfg = Release|x64
		{364C0A17-EF27-420B-8D1B-B2EFF3C873BD}.Ad-Hoc|x64.Build.0 = Release|x64
		{364C0A17-EF27-420B-8D1B-B2EFF3C873BD}.Ad-Hoc|x64.Deploy.0 = Release|x64
		{364C0A17-EF27-420B-8D1B-B2EFF3C873BD}.Ad-Hoc|x86.ActiveCfg = Release|x86
		{364C0A17-EF27-420B-8D1B-B2EFF3C873BD}.Ad-Hoc|x86.Build.0 = Release|x86
		{364C0A17-EF27-420B-8D1B-B2EFF3C873BD}.Ad-Hoc|x86.Deploy.0 = Release|x86
		{364C0A17-EF27-420B-8D1B-B2EFF3C873BD}.AppStore|Any CPU.ActiveCfg = Release|Any CPU
		{364C0A17-EF27-420B-8D1B-B2EFF3C873BD}.AppStore|Any CPU.Build.0 = Release|Any CPU
		{364C0A17-EF27-420B-8D1B-B2EFF3C873BD}.AppStore|Any CPU.Deploy.0 = Release|Any CPU
		{364C0A17-EF27-420B-8D1B-B2EFF3C873BD}.AppStore|ARM.ActiveCfg = Release|ARM
		{364C0A17-EF27-420B-8D1B-B2EFF3C873BD}.AppStore|ARM.Build.0 = Release|ARM
		{364C0A17-EF27-420B-8D1B-B2EFF3C873BD}.AppStore|ARM.Deploy.0 = Release|ARM
		{364C0A17-EF27-420B-8D1B-B2EFF3C873BD}.AppStore|iPhone.ActiveCfg = Release|Any CPU
		{364C0A17-EF27-420B-8D1B-B2EFF3C873BD}.AppStore|iPhone.Build.0 = Release|Any CPU
		{364C0A17-EF27-420B-8D1B-B2EFF3C873BD}.AppStore|iPhone.Deploy.0 = Release|Any CPU
		{364C0A17-EF27-420B-8D1B-B2EFF3C873BD}.AppStore|iPhoneSimulator.ActiveCfg = Release|Any CPU
		{364C0A17-EF27-420B-8D1B-B2EFF3C873BD}.AppStore|iPhoneSimulator.Build.0 = Release|Any CPU
		{364C0A17-EF27-420B-8D1B-B2EFF3C873BD}.AppStore|iPhoneSimulator.Deploy.0 = Release|Any CPU
		{364C0A17-EF27-420B-8D1B-B2EFF3C873BD}.AppStore|x64.ActiveCfg = Release|x64
		{364C0A17-EF27-420B-8D1B-B2EFF3C873BD}.AppStore|x64.Build.0 = Release|x64
		{364C0A17-EF27-420B-8D1B-B2EFF3C873BD}.AppStore|x64.Deploy.0 = Release|x64
		{364C0A17-EF27-420B-8D1B-B2EFF3C873BD}.AppStore|x86.ActiveCfg = Release|x86
		{364C0A17-EF27-420B-8D1B-B2EFF3C873BD}.AppStore|x86.Build.0 = Release|x86
		{364C0A17-EF27-420B-8D1B-B2EFF3C873BD}.AppStore|x86.Deploy.0 = Release|x86
		{364C0A17-EF27-420B-8D1B-B2EFF3C873BD}.Debug|Any CPU.ActiveCfg = Debug|Any CPU
		{364C0A17-EF27-420B-8D1B-B2EFF3C873BD}.Debug|Any CPU.Build.0 = Debug|Any CPU
		{364C0A17-EF27-420B-8D1B-B2EFF3C873BD}.Debug|Any CPU.Deploy.0 = Debug|Any CPU
		{364C0A17-EF27-420B-8D1B-B2EFF3C873BD}.Debug|ARM.ActiveCfg = Debug|ARM
		{364C0A17-EF27-420B-8D1B-B2EFF3C873BD}.Debug|ARM.Build.0 = Debug|ARM
		{364C0A17-EF27-420B-8D1B-B2EFF3C873BD}.Debug|ARM.Deploy.0 = Debug|ARM
		{364C0A17-EF27-420B-8D1B-B2EFF3C873BD}.Debug|iPhone.ActiveCfg = Debug|Any CPU
		{364C0A17-EF27-420B-8D1B-B2EFF3C873BD}.Debug|iPhone.Build.0 = Debug|Any CPU
		{364C0A17-EF27-420B-8D1B-B2EFF3C873BD}.Debug|iPhone.Deploy.0 = Debug|Any CPU
		{364C0A17-EF27-420B-8D1B-B2EFF3C873BD}.Debug|iPhoneSimulator.ActiveCfg = Debug|Any CPU
		{364C0A17-EF27-420B-8D1B-B2EFF3C873BD}.Debug|iPhoneSimulator.Build.0 = Debug|Any CPU
		{364C0A17-EF27-420B-8D1B-B2EFF3C873BD}.Debug|iPhoneSimulator.Deploy.0 = Debug|Any CPU
		{364C0A17-EF27-420B-8D1B-B2EFF3C873BD}.Debug|x64.ActiveCfg = Debug|x64
		{364C0A17-EF27-420B-8D1B-B2EFF3C873BD}.Debug|x64.Build.0 = Debug|x64
		{364C0A17-EF27-420B-8D1B-B2EFF3C873BD}.Debug|x64.Deploy.0 = Debug|x64
		{364C0A17-EF27-420B-8D1B-B2EFF3C873BD}.Debug|x86.ActiveCfg = Debug|x86
		{364C0A17-EF27-420B-8D1B-B2EFF3C873BD}.Debug|x86.Build.0 = Debug|x86
		{364C0A17-EF27-420B-8D1B-B2EFF3C873BD}.Debug|x86.Deploy.0 = Debug|x86
		{364C0A17-EF27-420B-8D1B-B2EFF3C873BD}.Release|Any CPU.ActiveCfg = Release|Any CPU
		{364C0A17-EF27-420B-8D1B-B2EFF3C873BD}.Release|Any CPU.Build.0 = Release|Any CPU
		{364C0A17-EF27-420B-8D1B-B2EFF3C873BD}.Release|Any CPU.Deploy.0 = Release|Any CPU
		{364C0A17-EF27-420B-8D1B-B2EFF3C873BD}.Release|ARM.ActiveCfg = Release|ARM
		{364C0A17-EF27-420B-8D1B-B2EFF3C873BD}.Release|ARM.Build.0 = Release|ARM
		{364C0A17-EF27-420B-8D1B-B2EFF3C873BD}.Release|ARM.Deploy.0 = Release|ARM
		{364C0A17-EF27-420B-8D1B-B2EFF3C873BD}.Release|iPhone.ActiveCfg = Release|Any CPU
		{364C0A17-EF27-420B-8D1B-B2EFF3C873BD}.Release|iPhone.Build.0 = Release|Any CPU
		{364C0A17-EF27-420B-8D1B-B2EFF3C873BD}.Release|iPhone.Deploy.0 = Release|Any CPU
		{364C0A17-EF27-420B-8D1B-B2EFF3C873BD}.Release|iPhoneSimulator.ActiveCfg = Release|Any CPU
		{364C0A17-EF27-420B-8D1B-B2EFF3C873BD}.Release|iPhoneSimulator.Build.0 = Release|Any CPU
		{364C0A17-EF27-420B-8D1B-B2EFF3C873BD}.Release|iPhoneSimulator.Deploy.0 = Release|Any CPU
		{364C0A17-EF27-420B-8D1B-B2EFF3C873BD}.Release|x64.ActiveCfg = Release|x64
		{364C0A17-EF27-420B-8D1B-B2EFF3C873BD}.Release|x64.Build.0 = Release|x64
		{364C0A17-EF27-420B-8D1B-B2EFF3C873BD}.Release|x64.Deploy.0 = Release|x64
		{364C0A17-EF27-420B-8D1B-B2EFF3C873BD}.Release|x86.ActiveCfg = Release|x86
		{364C0A17-EF27-420B-8D1B-B2EFF3C873BD}.Release|x86.Build.0 = Release|x86
		{364C0A17-EF27-420B-8D1B-B2EFF3C873BD}.Release|x86.Deploy.0 = Release|x86
		{6D71685B-427D-4CF6-96DA-7DE169B45576}.Ad-Hoc|Any CPU.ActiveCfg = Release|Any CPU
		{6D71685B-427D-4CF6-96DA-7DE169B45576}.Ad-Hoc|Any CPU.Build.0 = Release|Any CPU
		{6D71685B-427D-4CF6-96DA-7DE169B45576}.Ad-Hoc|ARM.ActiveCfg = Release|Any CPU
		{6D71685B-427D-4CF6-96DA-7DE169B45576}.Ad-Hoc|ARM.Build.0 = Release|Any CPU
		{6D71685B-427D-4CF6-96DA-7DE169B45576}.Ad-Hoc|iPhone.ActiveCfg = Release|Any CPU
		{6D71685B-427D-4CF6-96DA-7DE169B45576}.Ad-Hoc|iPhone.Build.0 = Release|Any CPU
		{6D71685B-427D-4CF6-96DA-7DE169B45576}.Ad-Hoc|iPhoneSimulator.ActiveCfg = Release|Any CPU
		{6D71685B-427D-4CF6-96DA-7DE169B45576}.Ad-Hoc|iPhoneSimulator.Build.0 = Release|Any CPU
		{6D71685B-427D-4CF6-96DA-7DE169B45576}.Ad-Hoc|x64.ActiveCfg = Release|Any CPU
		{6D71685B-427D-4CF6-96DA-7DE169B45576}.Ad-Hoc|x64.Build.0 = Release|Any CPU
		{6D71685B-427D-4CF6-96DA-7DE169B45576}.Ad-Hoc|x86.ActiveCfg = Release|Any CPU
		{6D71685B-427D-4CF6-96DA-7DE169B45576}.Ad-Hoc|x86.Build.0 = Release|Any CPU
		{6D71685B-427D-4CF6-96DA-7DE169B45576}.AppStore|Any CPU.ActiveCfg = Release|Any CPU
		{6D71685B-427D-4CF6-96DA-7DE169B45576}.AppStore|Any CPU.Build.0 = Release|Any CPU
		{6D71685B-427D-4CF6-96DA-7DE169B45576}.AppStore|ARM.ActiveCfg = Release|Any CPU
		{6D71685B-427D-4CF6-96DA-7DE169B45576}.AppStore|ARM.Build.0 = Release|Any CPU
		{6D71685B-427D-4CF6-96DA-7DE169B45576}.AppStore|iPhone.ActiveCfg = Release|Any CPU
		{6D71685B-427D-4CF6-96DA-7DE169B45576}.AppStore|iPhone.Build.0 = Release|Any CPU
		{6D71685B-427D-4CF6-96DA-7DE169B45576}.AppStore|iPhoneSimulator.ActiveCfg = Release|Any CPU
		{6D71685B-427D-4CF6-96DA-7DE169B45576}.AppStore|iPhoneSimulator.Build.0 = Release|Any CPU
		{6D71685B-427D-4CF6-96DA-7DE169B45576}.AppStore|x64.ActiveCfg = Release|Any CPU
		{6D71685B-427D-4CF6-96DA-7DE169B45576}.AppStore|x64.Build.0 = Release|Any CPU
		{6D71685B-427D-4CF6-96DA-7DE169B45576}.AppStore|x86.ActiveCfg = Release|Any CPU
		{6D71685B-427D-4CF6-96DA-7DE169B45576}.AppStore|x86.Build.0 = Release|Any CPU
		{6D71685B-427D-4CF6-96DA-7DE169B45576}.Debug|Any CPU.ActiveCfg = Debug|Any CPU
		{6D71685B-427D-4CF6-96DA-7DE169B45576}.Debug|Any CPU.Build.0 = Debug|Any CPU
		{6D71685B-427D-4CF6-96DA-7DE169B45576}.Debug|ARM.ActiveCfg = Debug|Any CPU
		{6D71685B-427D-4CF6-96DA-7DE169B45576}.Debug|ARM.Build.0 = Debug|Any CPU
		{6D71685B-427D-4CF6-96DA-7DE169B45576}.Debug|iPhone.ActiveCfg = Debug|Any CPU
		{6D71685B-427D-4CF6-96DA-7DE169B45576}.Debug|iPhone.Build.0 = Debug|Any CPU
		{6D71685B-427D-4CF6-96DA-7DE169B45576}.Debug|iPhoneSimulator.ActiveCfg = Debug|Any CPU
		{6D71685B-427D-4CF6-96DA-7DE169B45576}.Debug|iPhoneSimulator.Build.0 = Debug|Any CPU
		{6D71685B-427D-4CF6-96DA-7DE169B45576}.Debug|x64.ActiveCfg = Debug|Any CPU
		{6D71685B-427D-4CF6-96DA-7DE169B45576}.Debug|x64.Build.0 = Debug|Any CPU
		{6D71685B-427D-4CF6-96DA-7DE169B45576}.Debug|x86.ActiveCfg = Debug|Any CPU
		{6D71685B-427D-4CF6-96DA-7DE169B45576}.Debug|x86.Build.0 = Debug|Any CPU
		{6D71685B-427D-4CF6-96DA-7DE169B45576}.Release|Any CPU.ActiveCfg = Release|Any CPU
		{6D71685B-427D-4CF6-96DA-7DE169B45576}.Release|Any CPU.Build.0 = Release|Any CPU
		{6D71685B-427D-4CF6-96DA-7DE169B45576}.Release|ARM.ActiveCfg = Release|Any CPU
		{6D71685B-427D-4CF6-96DA-7DE169B45576}.Release|ARM.Build.0 = Release|Any CPU
		{6D71685B-427D-4CF6-96DA-7DE169B45576}.Release|iPhone.ActiveCfg = Release|Any CPU
		{6D71685B-427D-4CF6-96DA-7DE169B45576}.Release|iPhone.Build.0 = Release|Any CPU
		{6D71685B-427D-4CF6-96DA-7DE169B45576}.Release|iPhoneSimulator.ActiveCfg = Release|Any CPU
		{6D71685B-427D-4CF6-96DA-7DE169B45576}.Release|iPhoneSimulator.Build.0 = Release|Any CPU
		{6D71685B-427D-4CF6-96DA-7DE169B45576}.Release|x64.ActiveCfg = Release|Any CPU
		{6D71685B-427D-4CF6-96DA-7DE169B45576}.Release|x64.Build.0 = Release|Any CPU
		{6D71685B-427D-4CF6-96DA-7DE169B45576}.Release|x86.ActiveCfg = Release|Any CPU
		{6D71685B-427D-4CF6-96DA-7DE169B45576}.Release|x86.Build.0 = Release|Any CPU
		{F9EB47A0-224E-4C74-B434-246975EE434F}.Ad-Hoc|Any CPU.ActiveCfg = Debug|x86
		{F9EB47A0-224E-4C74-B434-246975EE434F}.Ad-Hoc|Any CPU.Build.0 = Debug|x86
		{F9EB47A0-224E-4C74-B434-246975EE434F}.Ad-Hoc|Any CPU.Deploy.0 = Debug|x86
		{F9EB47A0-224E-4C74-B434-246975EE434F}.Ad-Hoc|ARM.ActiveCfg = Release|ARM
		{F9EB47A0-224E-4C74-B434-246975EE434F}.Ad-Hoc|ARM.Build.0 = Release|ARM
		{F9EB47A0-224E-4C74-B434-246975EE434F}.Ad-Hoc|ARM.Deploy.0 = Release|ARM
		{F9EB47A0-224E-4C74-B434-246975EE434F}.Ad-Hoc|iPhone.ActiveCfg = Release|x64
		{F9EB47A0-224E-4C74-B434-246975EE434F}.Ad-Hoc|iPhone.Build.0 = Release|x64
		{F9EB47A0-224E-4C74-B434-246975EE434F}.Ad-Hoc|iPhone.Deploy.0 = Release|x64
		{F9EB47A0-224E-4C74-B434-246975EE434F}.Ad-Hoc|iPhoneSimulator.ActiveCfg = Release|x64
		{F9EB47A0-224E-4C74-B434-246975EE434F}.Ad-Hoc|iPhoneSimulator.Build.0 = Release|x64
		{F9EB47A0-224E-4C74-B434-246975EE434F}.Ad-Hoc|iPhoneSimulator.Deploy.0 = Release|x64
		{F9EB47A0-224E-4C74-B434-246975EE434F}.Ad-Hoc|x64.ActiveCfg = Release|x64
		{F9EB47A0-224E-4C74-B434-246975EE434F}.Ad-Hoc|x64.Build.0 = Release|x64
		{F9EB47A0-224E-4C74-B434-246975EE434F}.Ad-Hoc|x64.Deploy.0 = Release|x64
		{F9EB47A0-224E-4C74-B434-246975EE434F}.Ad-Hoc|x86.ActiveCfg = Release|x86
		{F9EB47A0-224E-4C74-B434-246975EE434F}.Ad-Hoc|x86.Build.0 = Release|x86
		{F9EB47A0-224E-4C74-B434-246975EE434F}.Ad-Hoc|x86.Deploy.0 = Release|x86
		{F9EB47A0-224E-4C74-B434-246975EE434F}.AppStore|Any CPU.ActiveCfg = Release|x64
		{F9EB47A0-224E-4C74-B434-246975EE434F}.AppStore|Any CPU.Build.0 = Release|x64
		{F9EB47A0-224E-4C74-B434-246975EE434F}.AppStore|Any CPU.Deploy.0 = Release|x64
		{F9EB47A0-224E-4C74-B434-246975EE434F}.AppStore|ARM.ActiveCfg = Release|ARM
		{F9EB47A0-224E-4C74-B434-246975EE434F}.AppStore|ARM.Build.0 = Release|ARM
		{F9EB47A0-224E-4C74-B434-246975EE434F}.AppStore|ARM.Deploy.0 = Release|ARM
		{F9EB47A0-224E-4C74-B434-246975EE434F}.AppStore|iPhone.ActiveCfg = Release|x64
		{F9EB47A0-224E-4C74-B434-246975EE434F}.AppStore|iPhone.Build.0 = Release|x64
		{F9EB47A0-224E-4C74-B434-246975EE434F}.AppStore|iPhone.Deploy.0 = Release|x64
		{F9EB47A0-224E-4C74-B434-246975EE434F}.AppStore|iPhoneSimulator.ActiveCfg = Release|x64
		{F9EB47A0-224E-4C74-B434-246975EE434F}.AppStore|iPhoneSimulator.Build.0 = Release|x64
		{F9EB47A0-224E-4C74-B434-246975EE434F}.AppStore|iPhoneSimulator.Deploy.0 = Release|x64
		{F9EB47A0-224E-4C74-B434-246975EE434F}.AppStore|x64.ActiveCfg = Release|x64
		{F9EB47A0-224E-4C74-B434-246975EE434F}.AppStore|x64.Build.0 = Release|x64
		{F9EB47A0-224E-4C74-B434-246975EE434F}.AppStore|x64.Deploy.0 = Release|x64
		{F9EB47A0-224E-4C74-B434-246975EE434F}.AppStore|x86.ActiveCfg = Release|x86
		{F9EB47A0-224E-4C74-B434-246975EE434F}.AppStore|x86.Build.0 = Release|x86
		{F9EB47A0-224E-4C74-B434-246975EE434F}.AppStore|x86.Deploy.0 = Release|x86
		{F9EB47A0-224E-4C74-B434-246975EE434F}.Debug|Any CPU.ActiveCfg = Debug|x86
		{F9EB47A0-224E-4C74-B434-246975EE434F}.Debug|Any CPU.Build.0 = Debug|x86
		{F9EB47A0-224E-4C74-B434-246975EE434F}.Debug|Any CPU.Deploy.0 = Debug|x86
		{F9EB47A0-224E-4C74-B434-246975EE434F}.Debug|ARM.ActiveCfg = Debug|ARM
		{F9EB47A0-224E-4C74-B434-246975EE434F}.Debug|ARM.Build.0 = Debug|ARM
		{F9EB47A0-224E-4C74-B434-246975EE434F}.Debug|ARM.Deploy.0 = Debug|ARM
		{F9EB47A0-224E-4C74-B434-246975EE434F}.Debug|iPhone.ActiveCfg = Debug|x86
		{F9EB47A0-224E-4C74-B434-246975EE434F}.Debug|iPhoneSimulator.ActiveCfg = Debug|x86
		{F9EB47A0-224E-4C74-B434-246975EE434F}.Debug|x64.ActiveCfg = Debug|x64
		{F9EB47A0-224E-4C74-B434-246975EE434F}.Debug|x64.Build.0 = Debug|x64
		{F9EB47A0-224E-4C74-B434-246975EE434F}.Debug|x64.Deploy.0 = Debug|x64
		{F9EB47A0-224E-4C74-B434-246975EE434F}.Debug|x86.ActiveCfg = Debug|x86
		{F9EB47A0-224E-4C74-B434-246975EE434F}.Debug|x86.Build.0 = Debug|x86
		{F9EB47A0-224E-4C74-B434-246975EE434F}.Debug|x86.Deploy.0 = Debug|x86
		{F9EB47A0-224E-4C74-B434-246975EE434F}.Release|Any CPU.ActiveCfg = Release|x86
		{F9EB47A0-224E-4C74-B434-246975EE434F}.Release|ARM.ActiveCfg = Release|ARM
		{F9EB47A0-224E-4C74-B434-246975EE434F}.Release|ARM.Build.0 = Release|ARM
		{F9EB47A0-224E-4C74-B434-246975EE434F}.Release|ARM.Deploy.0 = Release|ARM
		{F9EB47A0-224E-4C74-B434-246975EE434F}.Release|iPhone.ActiveCfg = Release|x86
		{F9EB47A0-224E-4C74-B434-246975EE434F}.Release|iPhoneSimulator.ActiveCfg = Release|x86
		{F9EB47A0-224E-4C74-B434-246975EE434F}.Release|x64.ActiveCfg = Release|x64
		{F9EB47A0-224E-4C74-B434-246975EE434F}.Release|x64.Build.0 = Release|x64
		{F9EB47A0-224E-4C74-B434-246975EE434F}.Release|x64.Deploy.0 = Release|x64
		{F9EB47A0-224E-4C74-B434-246975EE434F}.Release|x86.ActiveCfg = Release|x86
		{F9EB47A0-224E-4C74-B434-246975EE434F}.Release|x86.Build.0 = Release|x86
		{F9EB47A0-224E-4C74-B434-246975EE434F}.Release|x86.Deploy.0 = Release|x86
	EndGlobalSection
	GlobalSection(SolutionProperties) = preSolution
		HideSolutionNode = FALSE
	EndGlobalSection
EndGlobal
